{
  "dependencies": {
    "fibers": {
      "version": "1.0.7",
      "resolved": "https://registry.npmjs.org/fibers/-/fibers-1.0.7.tgz",
      "from": "fibers@1.0.7"
    },
    "node-easypost": {
      "version": "2.0.10",
      "resolved": "https://registry.npmjs.org/node-easypost/-/node-easypost-2.0.10.tgz",
      "from": "node-easypost@2.0.10"
    },
    "stripe": {
      "version": "4.5.0",
      "resolved": "https://registry.npmjs.org/stripe/-/stripe-4.5.0.tgz",
      "from": "stripe@4.5.0",
      "dependencies": {
        "bluebird": {
          "version": "2.10.2",
          "resolved": "https://registry.npmjs.org/bluebird/-/bluebird-2.10.2.tgz",
          "from": "bluebird@2.10.2"
        },
        "lodash": {
          "version": "3.10.1",
          "resolved": "https://registry.npmjs.org/lodash/-/lodash-3.10.1.tgz",
          "from": "lodash@3.10.1"
        },
        "qs": {
          "version": "2.4.2",
          "resolved": "https://registry.npmjs.org/qs/-/qs-2.4.2.tgz",
          "from": "qs@2.4.2"
        }
      }
    }
  }
}
